<?xml version="1.0" encoding="utf-8"?>
<Project ToolsVersion="4.0" xmlns:atg="http://atg.xbox.com" xmlns="http://schemas.microsoft.com/developer/msbuild/2003">
  <ItemGroup>
    <Filter Include="Core">
      <UniqueIdentifier>{b048f2d2-8ba1-466d-a89a-ef2911a0f43d}</UniqueIdentifier>
    </Filter>
    <Filter Include="Default">
      <UniqueIdentifier>{08bebbf8-1537-4503-bf7e-65deaa94c69a}</UniqueIdentifier>
    </Filter>
    <Filter Include="Default\DXUT">
      <UniqueIdentifier>{a43c5c25-0e86-4a20-b64a-883785ff74fd}</UniqueIdentifier>
    </Filter>
    <Filter Include="Default\Resource Files">
      <UniqueIdentifier>{8e114980-c1a3-4ada-ad7c-83caadf5daeb}</UniqueIdentifier>
      <Extensions>rc;ico;cur;bmp;dlg;rc2;rct;bin;rgs;gif;jpg;jpeg;jpe</Extensions>
    </Filter>
    <Filter Include="Default\Shaders">
      <UniqueIdentifier>{2c3d4c8c-5d1a-459a-a05a-a4e4b608a44e}</UniqueIdentifier>
      <Extensions>fx;fxh;hlsl</Extensions>
    </Filter>
    <Filter Include="Core\Director">
      <UniqueIdentifier>{6f54d50c-f291-4f0d-835d-0a8867968576}</UniqueIdentifier>
    </Filter>
    <Filter Include="Core\Node">
      <UniqueIdentifier>{4f7de73e-712b-430b-8cde-aa06470e8c34}</UniqueIdentifier>
    </Filter>
    <Filter Include="Core\Renderer">
      <UniqueIdentifier>{f543c511-731e-4056-ad16-ef8aa854ad72}</UniqueIdentifier>
    </Filter>
    <Filter Include="Core\Scene">
      <UniqueIdentifier>{1b12a7a8-90ab-4350-a82c-68375f5d43fd}</UniqueIdentifier>
    </Filter>
    <Filter Include="Core\Singleton">
      <UniqueIdentifier>{476e5046-ff94-47af-a3a2-b38da2a042f3}</UniqueIdentifier>
    </Filter>
    <Filter Include="Core\Sprite">
      <UniqueIdentifier>{40a97354-8043-4a83-b32c-c41150e13238}</UniqueIdentifier>
    </Filter>
    <Filter Include="Core\Texture">
      <UniqueIdentifier>{6c3f317c-9ac6-4a38-9080-c8d599ad89bb}</UniqueIdentifier>
    </Filter>
    <Filter Include="Client">
      <UniqueIdentifier>{3abd2021-ad97-4129-a99a-a1e20f36e904}</UniqueIdentifier>
    </Filter>
    <Filter Include="Core\Camera">
      <UniqueIdentifier>{795936a7-7e94-427f-915c-4741490ec453}</UniqueIdentifier>
    </Filter>
    <Filter Include="Core\Sound">
      <UniqueIdentifier>{5de2b166-3844-47d2-a590-807a58f2a0d7}</UniqueIdentifier>
    </Filter>
    <Filter Include="Core\Font">
      <UniqueIdentifier>{8e4dabbb-580d-4504-a557-419b1daf21a4}</UniqueIdentifier>
    </Filter>
    <Filter Include="Client\Scene">
      <UniqueIdentifier>{49692cad-8d7f-483f-b374-8578bb36b71b}</UniqueIdentifier>
    </Filter>
    <Filter Include="Client\Scene\gameScene">
      <UniqueIdentifier>{c74d314b-9df7-4168-a161-81f6ff4777a9}</UniqueIdentifier>
    </Filter>
    <Filter Include="Client\Objects">
      <UniqueIdentifier>{d5cefb0a-98b8-4299-b9bb-776f8d562e32}</UniqueIdentifier>
    </Filter>
    <Filter Include="Client\Objects\Player">
      <UniqueIdentifier>{e6a5d5b2-1cb8-4990-9887-3dcf2a70ba6d}</UniqueIdentifier>
    </Filter>
    <Filter Include="Client\Objects\Bullet">
      <UniqueIdentifier>{20621e3d-3cf9-4ba9-990f-0475ea941724}</UniqueIdentifier>
    </Filter>
    <Filter Include="Client\Objects\Base">
      <UniqueIdentifier>{02fb660f-8125-45e1-a48b-869aaac28479}</UniqueIdentifier>
    </Filter>
    <Filter Include="Client\Objects\Gun">
      <UniqueIdentifier>{4fdfe025-ed08-44ad-b51e-61821f3ce18c}</UniqueIdentifier>
    </Filter>
    <Filter Include="Client\Objects\Item">
      <UniqueIdentifier>{f154f959-26ae-41b3-95d3-a08d0f7803aa}</UniqueIdentifier>
    </Filter>
  </ItemGroup>
  <ItemGroup>
    <None Include="DXUT\Optional\directx.ico">
      <Filter>Default\Resource Files</Filter>
    </None>
    <ClInclude Include="DXUT\Core\DXUT.h">
      <Filter>Default\DXUT</Filter>
    </ClInclude>
    <ClInclude Include="DXUT\Core\DXUTenum.h">
      <Filter>Default\DXUT</Filter>
    </ClInclude>
    <ClInclude Include="DXUT\Core\DXUTmisc.h">
      <Filter>Default\DXUT</Filter>
    </ClInclude>
    <ClCompile Include="DXUT\Core\DXUT.cpp">
      <Filter>Default\DXUT</Filter>
    </ClCompile>
    <ClCompile Include="DXUT\Core\DXUTenum.cpp">
      <Filter>Default\DXUT</Filter>
    </ClCompile>
    <ClCompile Include="DXUT\Core\DXUTmisc.cpp">
      <Filter>Default\DXUT</Filter>
    </ClCompile>
    <ClInclude Include="DXUT\Optional\DXUTcamera.h">
      <Filter>Default\DXUT</Filter>
    </ClInclude>
    <ClInclude Include="DXUT\Optional\DXUTgui.h">
      <Filter>Default\DXUT</Filter>
    </ClInclude>
    <ClInclude Include="DXUT\Optional\DXUTres.h">
      <Filter>Default\DXUT</Filter>
    </ClInclude>
    <ClInclude Include="DXUT\Optional\DXUTsettingsdlg.h">
      <Filter>Default\DXUT</Filter>
    </ClInclude>
    <ClInclude Include="DXUT\Optional\SDKmesh.h">
      <Filter>Default\DXUT</Filter>
    </ClInclude>
    <ClInclude Include="DXUT\Optional\SDKmisc.h">
      <Filter>Default\DXUT</Filter>
    </ClInclude>
    <ClCompile Include="DXUT\Optional\DXUTcamera.cpp">
      <Filter>Default\DXUT</Filter>
    </ClCompile>
    <ClCompile Include="DXUT\Optional\DXUTgui.cpp">
      <Filter>Default\DXUT</Filter>
    </ClCompile>
    <ClCompile Include="DXUT\Optional\DXUTres.cpp">
      <Filter>Default\DXUT</Filter>
    </ClCompile>
    <ClCompile Include="DXUT\Optional\DXUTsettingsdlg.cpp">
      <Filter>Default\DXUT</Filter>
    </ClCompile>
    <ClCompile Include="DXUT\Optional\SDKmesh.cpp">
      <Filter>Default\DXUT</Filter>
    </ClCompile>
    <ClCompile Include="DXUT\Optional\SDKmisc.cpp">
      <Filter>Default\DXUT</Filter>
    </ClCompile>
  </ItemGroup>
  <ItemGroup>
    <ClCompile Include="Director.cpp">
      <Filter>Core\Director</Filter>
    </ClCompile>
    <ClCompile Include="Node.cpp">
      <Filter>Core\Node</Filter>
    </ClCompile>
    <ClCompile Include="Renderer.cpp">
      <Filter>Core\Renderer</Filter>
    </ClCompile>
    <ClCompile Include="Scene.cpp">
      <Filter>Core\Scene</Filter>
    </ClCompile>
    <ClCompile Include="Singleton.cpp">
      <Filter>Core\Singleton</Filter>
    </ClCompile>
    <ClCompile Include="Sprite.cpp">
      <Filter>Core\Sprite</Filter>
    </ClCompile>
    <ClCompile Include="Texture.cpp">
      <Filter>Core\Texture</Filter>
    </ClCompile>
    <ClCompile Include="EmptyProject.cpp" />
    <ClCompile Include="Camera.cpp">
      <Filter>Core\Camera</Filter>
    </ClCompile>
    <ClCompile Include="DXUT\Optional\SDKsound.cpp">
      <Filter>Default\DXUT</Filter>
    </ClCompile>
    <ClCompile Include="DXUT\Optional\SDKwavefile.cpp">
      <Filter>Default\DXUT</Filter>
    </ClCompile>
    <ClCompile Include="Sound.cpp">
      <Filter>Core\Sound</Filter>
    </ClCompile>
    <ClCompile Include="Font.cpp">
      <Filter>Core\Font</Filter>
    </ClCompile>
    <ClCompile Include="gameScene.cpp">
      <Filter>Client\Scene\gameScene</Filter>
    </ClCompile>
    <ClCompile Include="Base.cpp">
      <Filter>Client\Objects\Base</Filter>
    </ClCompile>
    <ClCompile Include="Player.cpp">
      <Filter>Client\Objects\Player</Filter>
    </ClCompile>
    <ClCompile Include="Gun.cpp">
      <Filter>Client\Objects\Gun</Filter>
    </ClCompile>
    <ClCompile Include="Bullet.cpp">
      <Filter>Client\Objects\Bullet</Filter>
    </ClCompile>
    <ClCompile Include="Item.cpp">
      <Filter>Client\Objects\Item</Filter>
    </ClCompile>
  </ItemGroup>
  <ItemGroup>
    <ClInclude Include="Director.h">
      <Filter>Core\Director</Filter>
    </ClInclude>
    <ClInclude Include="Node.h">
      <Filter>Core\Node</Filter>
    </ClInclude>
    <ClInclude Include="Renderer.h">
      <Filter>Core\Renderer</Filter>
    </ClInclude>
    <ClInclude Include="Scene.h">
      <Filter>Core\Scene</Filter>
    </ClInclude>
    <ClInclude Include="Singleton.h">
      <Filter>Core\Singleton</Filter>
    </ClInclude>
    <ClInclude Include="Sprite.h">
      <Filter>Core\Sprite</Filter>
    </ClInclude>
    <ClInclude Include="Texture.h">
      <Filter>Core\Texture</Filter>
    </ClInclude>
    <ClInclude Include="Camera.h">
      <Filter>Core\Camera</Filter>
    </ClInclude>
    <ClInclude Include="DXUT\Optional\SDKsound.h">
      <Filter>Default\DXUT</Filter>
    </ClInclude>
    <ClInclude Include="DXUT\Optional\SDKwavefile.h">
      <Filter>Default\DXUT</Filter>
    </ClInclude>
    <ClInclude Include="Sound.h">
      <Filter>Core\Sound</Filter>
    </ClInclude>
    <ClInclude Include="Font.h">
      <Filter>Core\Font</Filter>
    </ClInclude>
    <ClInclude Include="gameScene.h">
      <Filter>Client\Scene\gameScene</Filter>
    </ClInclude>
    <ClInclude Include="Base.h">
      <Filter>Client\Objects\Base</Filter>
    </ClInclude>
    <ClInclude Include="Player.h">
      <Filter>Client\Objects\Player</Filter>
    </ClInclude>
    <ClInclude Include="Gun.h">
      <Filter>Client\Objects\Gun</Filter>
    </ClInclude>
    <ClInclude Include="Bullet.h">
      <Filter>Client\Objects\Bullet</Filter>
    </ClInclude>
    <ClInclude Include="Item.h">
      <Filter>Client\Objects\Item</Filter>
    </ClInclude>
  </ItemGroup>
  <ItemGroup>
    <CLInclude Include="resource.h">
      <Filter>Default\Resource Files</Filter>
    </CLInclude>
    <ResourceCompile Include="EmptyProject.rc">
      <Filter>Default\Resource Files</Filter>
    </ResourceCompile>
  </ItemGroup>
  <ItemGroup>
  </ItemGroup>
</Project>